// !$*UTF8*$!
{
	archiveVersion = 1;
	classes = {
	};
	objectVersion = 46;
	objects = {

/* Begin PBXBuildFile section */
		EF1104891E452E4E005ABB4A /* AppDelegate.swift in Sources */ = {isa = PBXBuildFile; fileRef = EF1104881E452E4E005ABB4A /* AppDelegate.swift */; };
		EF11048B1E452E4E005ABB4A /* ViewController.swift in Sources */ = {isa = PBXBuildFile; fileRef = EF11048A1E452E4E005ABB4A /* ViewController.swift */; };
		EF11048E1E452E4E005ABB4A /* Main.storyboard in Resources */ = {isa = PBXBuildFile; fileRef = EF11048C1E452E4E005ABB4A /* Main.storyboard */; };
		EF1104901E452E4E005ABB4A /* Assets.xcassets in Resources */ = {isa = PBXBuildFile; fileRef = EF11048F1E452E4E005ABB4A /* Assets.xcassets */; };
		EF1104931E452E4E005ABB4A /* LaunchScreen.storyboard in Resources */ = {isa = PBXBuildFile; fileRef = EF1104911E452E4E005ABB4A /* LaunchScreen.storyboard */; };
/* End PBXBuildFile section */

/* Begin PBXFileReference section */
		EF1104851E452E4E005ABB4A /* gitHud.app */ = {isa = PBXFileReference; explicitFileType = wrapper.application; includeInIndex = 0; path = gitHud.app; sourceTree = BUILT_PRODUCTS_DIR; };
		EF1104881E452E4E005ABB4A /* AppDelegate.swift */ = {isa = PBXFileReference; lastKnownFileType = sourcecode.swift; path = AppDelegate.swift; sourceTree = "<group>"; };
		EF11048A1E452E4E005ABB4A /* ViewController.swift */ = {isa = PBXFileReference; lastKnownFileType = sourcecode.swift; path = ViewController.swift; sourceTree = "<group>"; };
		EF11048D1E452E4E005ABB4A /* Base */ = {isa = PBXFileReference; lastKnownFileType = file.storyboard; name = Base; path = Base.lproj/Main.storyboard; sourceTree = "<group>"; };
		EF11048F1E452E4E005ABB4A /* Assets.xcassets */ = {isa = PBXFileReference; lastKnownFileType = folder.assetcatalog; path = Assets.xcassets; sourceTree = "<group>"; };
		EF1104921E452E4E005ABB4A /* Base */ = {isa = PBXFileReference; lastKnownFileType = file.storyboard; name = Base; path = Base.lproj/LaunchScreen.storyboard; sourceTree = "<group>"; };
		EF1104941E452E4E005ABB4A /* Info.plist */ = {isa = PBXFileReference; lastKnownFileType = text.plist.xml; path = Info.plist; sourceTree = "<group>"; };
/* End PBXFileReference section */

/* Begin PBXFrameworksBuildPhase section */
		EF1104821E452E4E005ABB4A /* Frameworks */ = {
			isa = PBXFrameworksBuildPhase;
			buildActionMask = 2147483647;
			files = (
			);
			runOnlyForDeploymentPostprocessing = 0;
		};
/* End PBXFrameworksBuildPhase section */

/* Begin PBXGroup section */
		EF11047C1E452E4E005ABB4A = {
			isa = PBXGroup;
			children = (
				EF1104871E452E4E005ABB4A /* gitHud */,
				EF1104861E452E4E005ABB4A /* Products */,
			);
			sourceTree = "<group>";
		};
		EF1104861E452E4E005ABB4A /* Products */ = {
			isa = PBXGroup;
			children = (
				EF1104851E452E4E005ABB4A /* gitHud.app */,
			);
			name = Products;
			sourceTree = "<group>";
		};
		EF1104871E452E4E005ABB4A /* gitHud */ = {
			isa = PBXGroup;
			children = (
				EF1104881E452E4E005ABB4A /* AppDelegate.swift */,
				EF11048A1E452E4E005ABB4A /* ViewController.swift */,
				EF11048C1E452E4E005ABB4A /* Main.storyboard */,
				EF11048F1E452E4E005ABB4A /* Assets.xcassets */,
				EF1104911E452E4E005ABB4A /* LaunchScreen.storyboard */,
				EF1104941E452E4E005ABB4A /* Info.plist */,
			);
			path = gitHud;
			sourceTree = "<group>";
		};
/* End PBXGroup section */

/* Begin PBXNativeTarget section */
		EF1104841E452E4E005ABB4A /* gitHud */ = {
			isa = PBXNativeTarget;
			buildConfigurationList = EF1104971E452E4E005ABB4A /* Build configuration list for PBXNativeTarget "gitHud" */;
			buildPhases = (
				EF1104811E452E4E005ABB4A /* Sources */,
				EF1104821E452E4E005ABB4A /* Frameworks */,
				EF1104831E452E4E005ABB4A /* Resources */,
			);
			buildRules = (
			);
			dependencies = (
			);
			name = gitHud;
			productName = gitHud;
			productReference = EF1104851E452E4E005ABB4A /* gitHud.app */;
			productType = "com.apple.product-type.application";
		};
/* End PBXNativeTarget section */

/* Begin PBXProject section */
		EF11047D1E452E4E005ABB4A /* Project object */ = {
			isa = PBXProject;
			attributes = {
				LastSwiftUpdateCheck = 0820;
				LastUpgradeCheck = 0820;
				ORGANIZATIONNAME = "Hayden Hastings";
				TargetAttributes = {
					EF1104841E452E4E005ABB4A = {
						CreatedOnToolsVersion = 8.2.1;
						ProvisioningStyle = Automatic;
					};
				};
			};
			buildConfigurationList = EF1104801E452E4E005ABB4A /* Build configuration list for PBXProject "gitHud" */;
			compatibilityVersion = "Xcode 3.2";
			developmentRegion = English;
			hasScannedForEncodings = 0;
			knownRegions = (
				en,
				Base,
			);
			mainGroup = EF11047C1E452E4E005ABB4A;
			productRefGroup = EF1104861E452E4E005ABB4A /* Products */;
			projectDirPath = "";
			projectRoot = "";
			targets = (
				EF1104841E452E4E005ABB4A /* gitHud */,
			);
		};
/* End PBXProject section */

/* Begin PBXResourcesBuildPhase section */
		EF1104831E452E4E005ABB4A /* Resources */ = {
			isa = PBXResourcesBuildPhase;
			buildActionMask = 2147483647;
			files = (
				EF1104931E452E4E005ABB4A /* LaunchScreen.storyboard in Resources */,
				EF1104901E452E4E005ABB4A /* Assets.xcassets in Resources */,
				EF11048E1E452E4E005ABB4A /* Main.storyboard in Resources */,
			);
			runOnlyForDeploymentPostprocessing = 0;
		};
/* End PBXResourcesBuildPhase section */

/* Begin PBXSourcesBuildPhase section */
		EF1104811E452E4E005ABB4A /* Sources */ = {
			isa = PBXSourcesBuildPhase;
			buildActionMask = 2147483647;
			files = (
				EF11048B1E452E4E005ABB4A /* ViewController.swift in Sources */,
				EF1104891E452E4E005ABB4A /* AppDelegate.swift in Sources */,
			);
			runOnlyForDeploymentPostprocessing = 0;
		};
/* End PBXSourcesBuildPhase section */

/* Begin PBXVariantGroup section */
		EF11048C1E452E4E005ABB4A /* Main.storyboard */ = {
			isa = PBXVariantGroup;
			children = (
				EF11048D1E452E4E005ABB4A /* Base */,
			);
			name = Main.storyboard;
			sourceTree = "<group>";
		};
		EF1104911E452E4E005ABB4A /* LaunchScreen.storyboard */ = {
			isa = PBXVariantGroup;
			children = (
				EF1104921E452E4E005ABB4A /* Base */,
			);
			name = LaunchScreen.storyboard;
			sourceTree = "<group>";
		};
/* End PBXVariantGroup section */

/* Begin XCBuildConfiguration section */
		EF1104951E452E4E005ABB4A /* Debug */ = {
			isa = XCBuildConfiguration;
			buildSettings = {
				ALWAYS_SEARCH_USER_PATHS = NO;
				CLANG_ANALYZER_NONNULL = YES;
				CLANG_CXX_LANGUAGE_STANDARD = "gnu++0x";
				CLANG_CXX_LIBRARY = "libc++";
				CLANG_ENABLE_MODULES = YES;
				CLANG_ENABLE_OBJC_ARC = YES;
				CLANG_WARN_BOOL_CONVERSION = YES;
				CLANG_WARN_CONSTANT_CONVERSION = YES;
				CLANG_WARN_DIRECT_OBJC_ISA_USAGE = YES_ERROR;
				CLANG_WARN_DOCUMENTATION_COMMENTS = YES;
				CLANG_WARN_EMPTY_BODY = YES;
				CLANG_WARN_ENUM_CONVERSION = YES;
				CLANG_WARN_INFINITE_RECURSION = YES;
				CLANG_WARN_INT_CONVERSION = YES;
				CLANG_WARN_OBJC_ROOT_CLASS = YES_ERROR;
				CLANG_WARN_SUSPICIOUS_MOVE = YES;
				CLANG_WARN_UNREACHABLE_CODE = YES;
				CLANG_WARN__DUPLICATE_METHOD_MATCH = YES;
				"CODE_SIGN_IDENTITY[sdk=iphoneos*]" = "iPhone Developer";
				COPY_PHASE_STRIP = NO;
				DEBUG_INFORMATION_FORMAT = dwarf;
				ENABLE_STRICT_OBJC_MSGSEND = YES;
				ENABLE_TESTABILITY = YES;
				GCC_C_LANGUAGE_STANDARD = gnu99;
				GCC_DYNAMIC_NO_PIC = NO;
				GCC_NO_COMMON_BLOCKS = YES;
				GCC_OPTIMIZATION_LEVEL = 0;
				GCC_PREPROCESSOR_DEFINITIONS = (
					"DEBUG=1",
					"$(inherited)",
				);
				GCC_WARN_64_TO_32_BIT_CONVERSION = YES;
				GCC_WARN_ABOUT_RETURN_TYPE = YES_ERROR;
				GCC_WARN_UNDECLARED_SELECTOR = YES;
				GCC_WARN_UNINITIALIZED_AUTOS = YES_AGGRESSIVE;
				GCC_WARN_UNUSED_FUNCTION = YES;
				GCC_WARN_UNUSED_VARIABLE = YES;
				IPHONEOS_DEPLOYMENT_TARGET = 10.2;
				MTL_ENABLE_DEBUG_INFO = YES;
				ONLY_ACTIVE_ARCH = YES;
				SDKROOT = iphoneos;
				SWIFT_ACTIVE_COMPILATION_CONDITIONS = DEBUG;
				SWIFT_OPTIMIZATION_LEVEL = "-Onone";
				TARGETED_DEVICE_FAMILY = "1,2";
			};
			name = Debug;
		};
		EF1104961E452E4E005ABB4A /* Release */ = {
			isa = XCBuildConfiguration;
			buildSettings = {
				ALWAYS_SEARCH_USER_PATHS = NO;
				CLANG_ANALYZER_NONNULL = YES;
				CLANG_CXX_LANGUAGE_STANDARD = "gnu++0x";
				CLANG_CXX_LIBRARY = "libc++";
				CLANG_ENABLE_MODULES = YES;
				CLANG_ENABLE_OBJC_ARC = YES;
				CLANG_WARN_BOOL_CONVERSION = YES;
				CLANG_WARN_CONSTANT_CONVERSION = YES;
				CLANG_WARN_DIRECT_OBJC_ISA_USAGE = YES_ERROR;
				CLANG_WARN_DOCUMENTATION_COMMENTS = YES;
				CLANG_WARN_EMPTY_BODY = YES;
				CLANG_WARN_ENUM_CONVERSION = YES;
				CLANG_WARN_INFINITE_RECURSION = YES;
				CLANG_WARN_INT_CONVERSION = YES;
				CLANG_WARN_OBJC_ROOT_CLASS = YES_ERROR;
				CLANG_WARN_SUSPICIOUS_MOVE = YES;
				CLANG_WARN_UNREACHABLE_CODE = YES;
				CLANG_WARN__DUPLICATE_METHOD_MATCH = YES;
				"CODE_SIGN_IDENTITY[sdk=iphoneos*]" = "iPhone Developer";
				COPY_PHASE_STRIP = NO;
				DEBUG_INFORMATION_FORMAT = "dwarf-with-dsym";
				ENABLE_NS_ASSERTIONS = NO;
				ENABLE_STRICT_OBJC_MSGSEND = YES;
				GCC_C_LANGUAGE_STANDARD = gnu99;
				GCC_NO_COMMON_BLOCKS = YES;
				GCC_WARN_64_TO_32_BIT_CONVERSION = YES;
				GCC_WARN_ABOUT_RETURN_TYPE = YES_ERROR;
				GCC_WARN_UNDECLARED_SELECTOR = YES;
				GCC_WARN_UNINITIALIZED_AUTOS = YES_AGGRESSIVE;
				GCC_WARN_UNUSED_FUNCTION = YES;
				GCC_WARN_UNUSED_VARIABLE = YES;
				IPHONEOS_DEPLOYMENT_TARGET = 10.2;
				MTL_ENABLE_DEBUG_INFO = NO;
				SDKROOT = iphoneos;
				SWIFT_OPTIMIZATION_LEVEL = "-Owholemodule";
				TARGETED_DEVICE_FAMILY = "1,2";
				VALIDATE_PRODUCT = YES;
			};
			name = Release;
		};
		EF1104981E452E4E005ABB4A /* Debug */ = {
			isa = XCBuildConfiguration;
			buildSettings = {
				ASSETCATALOG_COMPILER_APPICON_NAME = AppIcon;
				INFOPLIST_FILE = gitHud/Info.plist;
				LD_RUNPATH_SEARCH_PATHS = "$(inherited) @executable_path/Frameworks";
				PRODUCT_BUNDLE_IDENTIFIER = com.example.gitHud;
				PRODUCT_NAME = "$(TARGET_NAME)";
				SWIFT_VERSION = 3.0;
			};
			name = Debug;
		};
		EF1104991E452E4E005ABB4A /* Release */ = {
			isa = XCBuildConfiguration;
			buildSettings = {
				ASSETCATALOG_COMPILER_APPICON_NAME = AppIcon;
				INFOPLIST_FILE = gitHud/Info.plist;
				LD_RUNPATH_SEARCH_PATHS = "$(inherited) @executable_path/Frameworks";
				PRODUCT_BUNDLE_IDENTIFIER = com.example.gitHud;
				PRODUCT_NAME = "$(TARGET_NAME)";
				SWIFT_VERSION = 3.0;
			};
			name = Release;
		};
/* End XCBuildConfiguration section */

/* Begin XCConfigurationList section */
		EF1104801E452E4E005ABB4A /* Build configuration list for PBXProject "gitHud" */ = {
			isa = XCConfigurationList;
			buildConfigurations = (
				EF1104951E452E4E005ABB4A /* Debug */,
				EF1104961E452E4E005ABB4A /* Release */,
			);
			defaultConfigurationIsVisible = 0;
			defaultConfigurationName = Release;
		};
		EF1104971E452E4E005ABB4A /* Build configuration list for PBXNativeTarget "gitHud" */ = {
			isa = XCConfigurationList;
			buildConfigurations = (
				EF1104981E452E4E005ABB4A /* Debug */,
				EF1104991E452E4E005ABB4A /* Release */,
			);
			defaultConfigurationIsVisible = 0;
		};
/* End XCConfigurationList section */
	};
	rootObject = EF11047D1E452E4E005ABB4A /* Project object */;
}
